
Microsoft Visual Studio Solution File, Format Version 12.00
# Visual Studio Version 18
VisualStudioVersion = 18.5.11716.220
MinimumVisualStudioVersion = 10.0.40219.1
Project("{FAE04EC0-301F-11D3-BF4B-00C04F79EFBC}") = "Futaba", "Futaba\Futaba.csproj", "{9A90030F-2068-E6B5-3811-53EA48AC68E4}"
EndProject
Project("{FAE04EC0-301F-11D3-BF4B-00C04F79EFBC}") = "FutabaCLI", "FutabaCLI\FutabaCLI.csproj", "{61952A7F-9EA2-A917-1D7B-69C9601127E9}"
EndProject
Project("{2150E333-8FDC-42A3-9474-1A3956D46DE8}") = "Solution Items", "Solution Items", "{570FF8AE-E3C1-45A2-8400-5532E8CD3108}"
	ProjectSection(SolutionItems) = preProject
		.editorconfig = .editorconfig
		.gitattributes = .gitattributes
		.gitignore = .gitignore
		futaba.ico = futaba.ico
		LICENSE = LICENSE
		logo.png = logo.png
		README.md = README.md
	EndProjectSection
EndProject
Global
	GlobalSection(SolutionConfigurationPlatforms) = preSolution
		Debug|Any CPU = Debug|Any CPU
		Release|Any CPU = Release|Any CPU
		UnitTests|Any CPU = UnitTests|Any CPU
	EndGlobalSection
	GlobalSection(ProjectConfigurationPlatforms) = postSolution
		{9A90030F-2068-E6B5-3811-53EA48AC68E4}.Debug|Any CPU.ActiveCfg = Debug|Any CPU
		{9A90030F-2068-E6B5-3811-53EA48AC68E4}.Debug|Any CPU.Build.0 = Debug|Any CPU
		{9A90030F-2068-E6B5-3811-53EA48AC68E4}.Release|Any CPU.ActiveCfg = Release|Any CPU
		{9A90030F-2068-E6B5-3811-53EA48AC68E4}.Release|Any CPU.Build.0 = Release|Any CPU
		{9A90030F-2068-E6B5-3811-53EA48AC68E4}.UnitTests|Any CPU.ActiveCfg = UnitTests|Any CPU
		{9A90030F-2068-E6B5-3811-53EA48AC68E4}.UnitTests|Any CPU.Build.0 = UnitTests|Any CPU
		{61952A7F-9EA2-A917-1D7B-69C9601127E9}.Debug|Any CPU.ActiveCfg = Debug|Any CPU
		{61952A7F-9EA2-A917-1D7B-69C9601127E9}.Debug|Any CPU.Build.0 = Debug|Any CPU
		{61952A7F-9EA2-A917-1D7B-69C9601127E9}.Release|Any CPU.ActiveCfg = Release|Any CPU
		{61952A7F-9EA2-A917-1D7B-69C9601127E9}.Release|Any CPU.Build.0 = Release|Any CPU
		{61952A7F-9EA2-A917-1D7B-69C9601127E9}.UnitTests|Any CPU.ActiveCfg = UnitTests|Any CPU
		{61952A7F-9EA2-A917-1D7B-69C9601127E9}.UnitTests|Any CPU.Build.0 = UnitTests|Any CPU
	EndGlobalSection
	GlobalSection(SolutionProperties) = preSolution
		HideSolutionNode = FALSE
	EndGlobalSection
	GlobalSection(ExtensibilityGlobals) = postSolution
		SolutionGuid = {CE7ED15D-8960-4F84-861E-6DD8B9C0EE58}
	EndGlobalSection
EndGlobal
